// !$*UTF8*$!
{
	archiveVersion = 1;
	classes = {
	};
	objectVersion = 77;
	objects = {

/* Begin PBXBuildFile section */
		847FA9152E83D46200100378 /* WidgetKit.framework in Frameworks */ = {isa = PBXBuildFile; fileRef = 847FA9142E83D46200100378 /* WidgetKit.framework */; };
		847FA9172E83D46200100378 /* SwiftUI.framework in Frameworks */ = {isa = PBXBuildFile; fileRef = 847FA9162E83D46200100378 /* SwiftUI.framework */; };
		847FA9262E83D46300100378 /* TsundokuWidgetExtension.appex in Embed Foundation Extensions */ = {isa = PBXBuildFile; fileRef = 847FA9122E83D46200100378 /* TsundokuWidgetExtension.appex */; settings = {ATTRIBUTES = (RemoveHeadersOnCopy, ); }; };
		84F406172E2F7D910034978E /* OpenAPIURLSession in Frameworks */ = {isa = PBXBuildFile; productRef = 84F406162E2F7D910034978E /* OpenAPIURLSession */; };
		84F4061A2E2F7D9C0034978E /* OpenAPIRuntime in Frameworks */ = {isa = PBXBuildFile; productRef = 84F406192E2F7D9C0034978E /* OpenAPIRuntime */; };
/* End PBXBuildFile section */

/* Begin PBXContainerItemProxy section */
		45D37C652D7FEE45009FD80D /* PBXContainerItemProxy */ = {
			isa = PBXContainerItemProxy;
			containerPortal = 45D37C4A2D7FEE42009FD80D /* Project object */;
			proxyType = 1;
			remoteGlobalIDString = 45D37C512D7FEE42009FD80D;
			remoteInfo = Tsundoku;
		};
		45D37C6F2D7FEE46009FD80D /* PBXContainerItemProxy */ = {
			isa = PBXContainerItemProxy;
			containerPortal = 45D37C4A2D7FEE42009FD80D /* Project object */;
			proxyType = 1;
			remoteGlobalIDString = 45D37C512D7FEE42009FD80D;
			remoteInfo = Tsundoku;
		};
		847FA9242E83D46300100378 /* PBXContainerItemProxy */ = {
			isa = PBXContainerItemProxy;
			containerPortal = 45D37C4A2D7FEE42009FD80D /* Project object */;
			proxyType = 1;
			remoteGlobalIDString = 847FA9112E83D46200100378;
			remoteInfo = TsundokuWidgetExtension;
		};
/* End PBXContainerItemProxy section */

/* Begin PBXCopyFilesBuildPhase section */
		847FA9272E83D46300100378 /* Embed Foundation Extensions */ = {
			isa = PBXCopyFilesBuildPhase;
			buildActionMask = 2147483647;
			dstPath = "";
			dstSubfolderSpec = 13;
			files = (
				847FA9262E83D46300100378 /* TsundokuWidgetExtension.appex in Embed Foundation Extensions */,
			);
			name = "Embed Foundation Extensions";
			runOnlyForDeploymentPostprocessing = 0;
		};
/* End PBXCopyFilesBuildPhase section */

/* Begin PBXFileReference section */
		45D37C522D7FEE42009FD80D /* Tsundoku.app */ = {isa = PBXFileReference; explicitFileType = wrapper.application; includeInIndex = 0; path = Tsundoku.app; sourceTree = BUILT_PRODUCTS_DIR; };
		45D37C642D7FEE45009FD80D /* TsundokuTests.xctest */ = {isa = PBXFileReference; explicitFileType = wrapper.cfbundle; includeInIndex = 0; path = TsundokuTests.xctest; sourceTree = BUILT_PRODUCTS_DIR; };
		45D37C6E2D7FEE46009FD80D /* TsundokuUITests.xctest */ = {isa = PBXFileReference; explicitFileType = wrapper.cfbundle; includeInIndex = 0; path = TsundokuUITests.xctest; sourceTree = BUILT_PRODUCTS_DIR; };
		847FA9122E83D46200100378 /* TsundokuWidgetExtension.appex */ = {isa = PBXFileReference; explicitFileType = "wrapper.app-extension"; includeInIndex = 0; path = TsundokuWidgetExtension.appex; sourceTree = BUILT_PRODUCTS_DIR; };
		847FA9142E83D46200100378 /* WidgetKit.framework */ = {isa = PBXFileReference; lastKnownFileType = wrapper.framework; name = WidgetKit.framework; path = System/Library/Frameworks/WidgetKit.framework; sourceTree = SDKROOT; };
		847FA9162E83D46200100378 /* SwiftUI.framework */ = {isa = PBXFileReference; lastKnownFileType = wrapper.framework; name = SwiftUI.framework; path = System/Library/Frameworks/SwiftUI.framework; sourceTree = SDKROOT; };
		84872A192E50D6CB00630046 /* ci_post_clone.sh */ = {isa = PBXFileReference; lastKnownFileType = text.script.sh; path = ci_post_clone.sh; sourceTree = "<group>"; };
/* End PBXFileReference section */

/* Begin PBXFileSystemSynchronizedBuildFileExceptionSet section */
		8456EFA62E30C18C000FB516 /* Exceptions for "Tsundoku" folder in "Tsundoku" target */ = {
			isa = PBXFileSystemSynchronizedBuildFileExceptionSet;
			membershipExceptions = (
				Application/Info.plist,
			);
			target = 45D37C512D7FEE42009FD80D /* Tsundoku */;
		};
		847FA92B2E83D46300100378 /* Exceptions for "TsundokuWidget" folder in "TsundokuWidgetExtension" target */ = {
			isa = PBXFileSystemSynchronizedBuildFileExceptionSet;
			membershipExceptions = (
				Info.plist,
			);
			target = 847FA9112E83D46200100378 /* TsundokuWidgetExtension */;
		};
/* End PBXFileSystemSynchronizedBuildFileExceptionSet section */

/* Begin PBXFileSystemSynchronizedRootGroup section */
		45D37C542D7FEE42009FD80D /* Tsundoku */ = {
			isa = PBXFileSystemSynchronizedRootGroup;
			exceptions = (
				8456EFA62E30C18C000FB516 /* Exceptions for "Tsundoku" folder in "Tsundoku" target */,
			);
			path = Tsundoku;
			sourceTree = "<group>";
		};
		45D37C672D7FEE45009FD80D /* TsundokuTests */ = {
			isa = PBXFileSystemSynchronizedRootGroup;
			path = TsundokuTests;
			sourceTree = "<group>";
		};
		45D37C712D7FEE46009FD80D /* TsundokuUITests */ = {
			isa = PBXFileSystemSynchronizedRootGroup;
			path = TsundokuUITests;
			sourceTree = "<group>";
		};
		847FA9182E83D46200100378 /* TsundokuWidget */ = {
			isa = PBXFileSystemSynchronizedRootGroup;
			exceptions = (
				847FA92B2E83D46300100378 /* Exceptions for "TsundokuWidget" folder in "TsundokuWidgetExtension" target */,
			);
			path = TsundokuWidget;
			sourceTree = "<group>";
		};
/* End PBXFileSystemSynchronizedRootGroup section */

/* Begin PBXFrameworksBuildPhase section */
		45D37C4F2D7FEE42009FD80D /* Frameworks */ = {
			isa = PBXFrameworksBuildPhase;
			buildActionMask = 2147483647;
			files = (
				84F4061A2E2F7D9C0034978E /* OpenAPIRuntime in Frameworks */,
				84F406172E2F7D910034978E /* OpenAPIURLSession in Frameworks */,
			);
			runOnlyForDeploymentPostprocessing = 0;
		};
		45D37C612D7FEE45009FD80D /* Frameworks */ = {
			isa = PBXFrameworksBuildPhase;
			buildActionMask = 2147483647;
			files = (
			);
			runOnlyForDeploymentPostprocessing = 0;
		};
		45D37C6B2D7FEE46009FD80D /* Frameworks */ = {
			isa = PBXFrameworksBuildPhase;
			buildActionMask = 2147483647;
			files = (
			);
			runOnlyForDeploymentPostprocessing = 0;
		};
		847FA90F2E83D46200100378 /* Frameworks */ = {
			isa = PBXFrameworksBuildPhase;
			buildActionMask = 2147483647;
			files = (
				847FA9172E83D46200100378 /* SwiftUI.framework in Frameworks */,
				847FA9152E83D46200100378 /* WidgetKit.framework in Frameworks */,
			);
			runOnlyForDeploymentPostprocessing = 0;
		};
/* End PBXFrameworksBuildPhase section */

/* Begin PBXGroup section */
		45D37C492D7FEE42009FD80D = {
			isa = PBXGroup;
			children = (
				84872A142E50D68A00630046 /* ci_scripts */,
				45D37C542D7FEE42009FD80D /* Tsundoku */,
				45D37C672D7FEE45009FD80D /* TsundokuTests */,
				45D37C712D7FEE46009FD80D /* TsundokuUITests */,
				847FA9182E83D46200100378 /* TsundokuWidget */,
				847FA9132E83D46200100378 /* Frameworks */,
				45D37C532D7FEE42009FD80D /* Products */,
			);
			sourceTree = "<group>";
		};
		45D37C532D7FEE42009FD80D /* Products */ = {
			isa = PBXGroup;
			children = (
				45D37C522D7FEE42009FD80D /* Tsundoku.app */,
				45D37C642D7FEE45009FD80D /* TsundokuTests.xctest */,
				45D37C6E2D7FEE46009FD80D /* TsundokuUITests.xctest */,
				847FA9122E83D46200100378 /* TsundokuWidgetExtension.appex */,
			);
			name = Products;
			sourceTree = "<group>";
		};
		847FA9132E83D46200100378 /* Frameworks */ = {
			isa = PBXGroup;
			children = (
				847FA9142E83D46200100378 /* WidgetKit.framework */,
				847FA9162E83D46200100378 /* SwiftUI.framework */,
			);
			name = Frameworks;
			sourceTree = "<group>";
		};
		84872A142E50D68A00630046 /* ci_scripts */ = {
			isa = PBXGroup;
			children = (
				84872A192E50D6CB00630046 /* ci_post_clone.sh */,
			);
			path = ci_scripts;
			sourceTree = "<group>";
		};
/* End PBXGroup section */

/* Begin PBXNativeTarget section */
		45D37C512D7FEE42009FD80D /* Tsundoku */ = {
			isa = PBXNativeTarget;
			buildConfigurationList = 45D37C782D7FEE46009FD80D /* Build configuration list for PBXNativeTarget "Tsundoku" */;
			buildPhases = (
				84C0712D2E05A564003416C9 /* Run Script(Swift Lint) */,
				45D37C4E2D7FEE42009FD80D /* Sources */,
				45D37C4F2D7FEE42009FD80D /* Frameworks */,
				45D37C502D7FEE42009FD80D /* Resources */,
				847FA9272E83D46300100378 /* Embed Foundation Extensions */,
			);
			buildRules = (
			);
			dependencies = (
				84F406822E2F862C0034978E /* PBXTargetDependency */,
				847FA9252E83D46300100378 /* PBXTargetDependency */,
			);
			fileSystemSynchronizedGroups = (
				45D37C542D7FEE42009FD80D /* Tsundoku */,
			);
			name = Tsundoku;
			packageProductDependencies = (
				84F406162E2F7D910034978E /* OpenAPIURLSession */,
				84F406192E2F7D9C0034978E /* OpenAPIRuntime */,
			);
			productName = Tsundoku;
			productReference = 45D37C522D7FEE42009FD80D /* Tsundoku.app */;
			productType = "com.apple.product-type.application";
		};
		45D37C632D7FEE45009FD80D /* TsundokuTests */ = {
			isa = PBXNativeTarget;
			buildConfigurationList = 45D37C7B2D7FEE46009FD80D /* Build configuration list for PBXNativeTarget "TsundokuTests" */;
			buildPhases = (
				45D37C602D7FEE45009FD80D /* Sources */,
				45D37C612D7FEE45009FD80D /* Frameworks */,
				45D37C622D7FEE45009FD80D /* Resources */,
			);
			buildRules = (
			);
			dependencies = (
				45D37C662D7FEE45009FD80D /* PBXTargetDependency */,
			);
			fileSystemSynchronizedGroups = (
				45D37C672D7FEE45009FD80D /* TsundokuTests */,
			);
			name = TsundokuTests;
			packageProductDependencies = (
			);
			productName = TsundokuTests;
			productReference = 45D37C642D7FEE45009FD80D /* TsundokuTests.xctest */;
			productType = "com.apple.product-type.bundle.unit-test";
		};
		45D37C6D2D7FEE46009FD80D /* TsundokuUITests */ = {
			isa = PBXNativeTarget;
			buildConfigurationList = 45D37C7E2D7FEE46009FD80D /* Build configuration list for PBXNativeTarget "TsundokuUITests" */;
			buildPhases = (
				45D37C6A2D7FEE46009FD80D /* Sources */,
				45D37C6B2D7FEE46009FD80D /* Frameworks */,
				45D37C6C2D7FEE46009FD80D /* Resources */,
			);
			buildRules = (
			);
			dependencies = (
				45D37C702D7FEE46009FD80D /* PBXTargetDependency */,
			);
			fileSystemSynchronizedGroups = (
				45D37C712D7FEE46009FD80D /* TsundokuUITests */,
			);
			name = TsundokuUITests;
			packageProductDependencies = (
			);
			productName = TsundokuUITests;
			productReference = 45D37C6E2D7FEE46009FD80D /* TsundokuUITests.xctest */;
			productType = "com.apple.product-type.bundle.ui-testing";
		};
		847FA9112E83D46200100378 /* TsundokuWidgetExtension */ = {
			isa = PBXNativeTarget;
			buildConfigurationList = 847FA92A2E83D46300100378 /* Build configuration list for PBXNativeTarget "TsundokuWidgetExtension" */;
			buildPhases = (
				847FA90E2E83D46200100378 /* Sources */,
				847FA90F2E83D46200100378 /* Frameworks */,
				847FA9102E83D46200100378 /* Resources */,
			);
			buildRules = (
			);
			dependencies = (
			);
			fileSystemSynchronizedGroups = (
				847FA9182E83D46200100378 /* TsundokuWidget */,
			);
			name = TsundokuWidgetExtension;
			packageProductDependencies = (
			);
			productName = TsundokuWidgetExtension;
			productReference = 847FA9122E83D46200100378 /* TsundokuWidgetExtension.appex */;
			productType = "com.apple.product-type.app-extension";
		};
/* End PBXNativeTarget section */

/* Begin PBXProject section */
		45D37C4A2D7FEE42009FD80D /* Project object */ = {
			isa = PBXProject;
			attributes = {
				BuildIndependentTargetsInParallel = 1;
				LastSwiftUpdateCheck = 2600;
				LastUpgradeCheck = 2600;
				TargetAttributes = {
					45D37C512D7FEE42009FD80D = {
						CreatedOnToolsVersion = 16.2;
					};
					45D37C632D7FEE45009FD80D = {
						CreatedOnToolsVersion = 16.2;
						TestTargetID = 45D37C512D7FEE42009FD80D;
					};
					45D37C6D2D7FEE46009FD80D = {
						CreatedOnToolsVersion = 16.2;
						TestTargetID = 45D37C512D7FEE42009FD80D;
					};
					847FA9112E83D46200100378 = {
						CreatedOnToolsVersion = 26.0;
					};
				};
			};
			buildConfigurationList = 45D37C4D2D7FEE42009FD80D /* Build configuration list for PBXProject "Tsundoku" */;
			developmentRegion = en;
			hasScannedForEncodings = 0;
			knownRegions = (
				en,
				Base,
				ja,
			);
			mainGroup = 45D37C492D7FEE42009FD80D;
			minimizedProjectReferenceProxies = 1;
			packageReferences = (
				84F406152E2F7D910034978E /* XCRemoteSwiftPackageReference "swift-openapi-urlsession" */,
				84F406182E2F7D9C0034978E /* XCRemoteSwiftPackageReference "swift-openapi-runtime" */,
				84F4061B2E2F7DA70034978E /* XCRemoteSwiftPackageReference "swift-openapi-generator" */,
			);
			preferredProjectObjectVersion = 77;
			productRefGroup = 45D37C532D7FEE42009FD80D /* Products */;
			projectDirPath = "";
			projectRoot = "";
			targets = (
				45D37C512D7FEE42009FD80D /* Tsundoku */,
				45D37C632D7FEE45009FD80D /* TsundokuTests */,
				45D37C6D2D7FEE46009FD80D /* TsundokuUITests */,
				847FA9112E83D46200100378 /* TsundokuWidgetExtension */,
			);
		};
/* End PBXProject section */

/* Begin PBXResourcesBuildPhase section */
		45D37C502D7FEE42009FD80D /* Resources */ = {
			isa = PBXResourcesBuildPhase;
			buildActionMask = 2147483647;
			files = (
			);
			runOnlyForDeploymentPostprocessing = 0;
		};
		45D37C622D7FEE45009FD80D /* Resources */ = {
			isa = PBXResourcesBuildPhase;
			buildActionMask = 2147483647;
			files = (
			);
			runOnlyForDeploymentPostprocessing = 0;
		};
		45D37C6C2D7FEE46009FD80D /* Resources */ = {
			isa = PBXResourcesBuildPhase;
			buildActionMask = 2147483647;
			files = (
			);
			runOnlyForDeploymentPostprocessing = 0;
		};
		847FA9102E83D46200100378 /* Resources */ = {
			isa = PBXResourcesBuildPhase;
			buildActionMask = 2147483647;
			files = (
			);
			runOnlyForDeploymentPostprocessing = 0;
		};
/* End PBXResourcesBuildPhase section */

/* Begin PBXShellScriptBuildPhase section */
		84C0712D2E05A564003416C9 /* Run Script(Swift Lint) */ = {
			isa = PBXShellScriptBuildPhase;
			alwaysOutOfDate = 1;
			buildActionMask = 2147483647;
			files = (
			);
			inputFileListPaths = (
			);
			inputPaths = (
			);
			name = "Run Script(Swift Lint)";
			outputFileListPaths = (
			);
			outputPaths = (
			);
			runOnlyForDeploymentPostprocessing = 0;
			shellPath = /bin/sh;
			shellScript = "if [[ \"$(uname -m)\" == arm64 ]]\nthen\n    export PATH=\"/opt/homebrew/bin:$PATH\"\nfi\n\nif which mint >/dev/null; then\n  xcrun --sdk macosx mint run swiftlint swiftlint\nelse\n  echo \"warning: Mint not installed, download from https://github.com/yonaskolb/Mint\"\nfi\n";
		};
/* End PBXShellScriptBuildPhase section */

/* Begin PBXSourcesBuildPhase section */
		45D37C4E2D7FEE42009FD80D /* Sources */ = {
			isa = PBXSourcesBuildPhase;
			buildActionMask = 2147483647;
			files = (
			);
			runOnlyForDeploymentPostprocessing = 0;
		};
		45D37C602D7FEE45009FD80D /* Sources */ = {
			isa = PBXSourcesBuildPhase;
			buildActionMask = 2147483647;
			files = (
			);
			runOnlyForDeploymentPostprocessing = 0;
		};
		45D37C6A2D7FEE46009FD80D /* Sources */ = {
			isa = PBXSourcesBuildPhase;
			buildActionMask = 2147483647;
			files = (
			);
			runOnlyForDeploymentPostprocessing = 0;
		};
		847FA90E2E83D46200100378 /* Sources */ = {
			isa = PBXSourcesBuildPhase;
			buildActionMask = 2147483647;
			files = (
			);
			runOnlyForDeploymentPostprocessing = 0;
		};
/* End PBXSourcesBuildPhase section */

/* Begin PBXTargetDependency section */
		45D37C662D7FEE45009FD80D /* PBXTargetDependency */ = {
			isa = PBXTargetDependency;
			target = 45D37C512D7FEE42009FD80D /* Tsundoku */;
			targetProxy = 45D37C652D7FEE45009FD80D /* PBXContainerItemProxy */;
		};
		45D37C702D7FEE46009FD80D /* PBXTargetDependency */ = {
			isa = PBXTargetDependency;
			target = 45D37C512D7FEE42009FD80D /* Tsundoku */;
			targetProxy = 45D37C6F2D7FEE46009FD80D /* PBXContainerItemProxy */;
		};
		847FA9252E83D46300100378 /* PBXTargetDependency */ = {
			isa = PBXTargetDependency;
			target = 847FA9112E83D46200100378 /* TsundokuWidgetExtension */;
			targetProxy = 847FA9242E83D46300100378 /* PBXContainerItemProxy */;
		};
		84F406822E2F862C0034978E /* PBXTargetDependency */ = {
			isa = PBXTargetDependency;
			productRef = 84F406812E2F862C0034978E /* OpenAPIGenerator */;
		};
/* End PBXTargetDependency section */

/* Begin XCBuildConfiguration section */
		45D37C762D7FEE46009FD80D /* Debug */ = {
			isa = XCBuildConfiguration;
			buildSettings = {
				ALWAYS_SEARCH_USER_PATHS = NO;
				ASSETCATALOG_COMPILER_GENERATE_SWIFT_ASSET_SYMBOL_EXTENSIONS = YES;
				CLANG_ANALYZER_LOCALIZABILITY_NONLOCALIZED = YES;
				CLANG_ANALYZER_NONNULL = YES;
				CLANG_ANALYZER_NUMBER_OBJECT_CONVERSION = YES_AGGRESSIVE;
				CLANG_CXX_LANGUAGE_STANDARD = "gnu++20";
				CLANG_ENABLE_MODULES = YES;
				CLANG_ENABLE_OBJC_ARC = YES;
				CLANG_ENABLE_OBJC_WEAK = YES;
				CLANG_WARN_BLOCK_CAPTURE_AUTORELEASING = YES;
				CLANG_WARN_BOOL_CONVERSION = YES;
				CLANG_WARN_COMMA = YES;
				CLANG_WARN_CONSTANT_CONVERSION = YES;
				CLANG_WARN_DEPRECATED_OBJC_IMPLEMENTATIONS = YES;
				CLANG_WARN_DIRECT_OBJC_ISA_USAGE = YES_ERROR;
				CLANG_WARN_DOCUMENTATION_COMMENTS = YES;
				CLANG_WARN_EMPTY_BODY = YES;
				CLANG_WARN_ENUM_CONVERSION = YES;
				CLANG_WARN_INFINITE_RECURSION = YES;
				CLANG_WARN_INT_CONVERSION = YES;
				CLANG_WARN_NON_LITERAL_NULL_CONVERSION = YES;
				CLANG_WARN_OBJC_IMPLICIT_RETAIN_SELF = YES;
				CLANG_WARN_OBJC_LITERAL_CONVERSION = YES;
				CLANG_WARN_OBJC_ROOT_CLASS = YES_ERROR;
				CLANG_WARN_QUOTED_INCLUDE_IN_FRAMEWORK_HEADER = YES;
				CLANG_WARN_RANGE_LOOP_ANALYSIS = YES;
				CLANG_WARN_STRICT_PROTOTYPES = YES;
				CLANG_WARN_SUSPICIOUS_MOVE = YES;
				CLANG_WARN_UNGUARDED_AVAILABILITY = YES_AGGRESSIVE;
				CLANG_WARN_UNREACHABLE_CODE = YES;
				CLANG_WARN__DUPLICATE_METHOD_MATCH = YES;
				COPY_PHASE_STRIP = NO;
				DEBUG_INFORMATION_FORMAT = dwarf;
				DEVELOPMENT_TEAM = 2C4U6UTP2K;
				ENABLE_STRICT_OBJC_MSGSEND = YES;
				ENABLE_TESTABILITY = YES;
				ENABLE_USER_SCRIPT_SANDBOXING = YES;
				GCC_C_LANGUAGE_STANDARD = gnu17;
				GCC_DYNAMIC_NO_PIC = NO;
				GCC_NO_COMMON_BLOCKS = YES;
				GCC_OPTIMIZATION_LEVEL = 0;
				GCC_PREPROCESSOR_DEFINITIONS = (
					"DEBUG=1",
					"$(inherited)",
				);
				GCC_WARN_64_TO_32_BIT_CONVERSION = YES;
				GCC_WARN_ABOUT_RETURN_TYPE = YES_ERROR;
				GCC_WARN_UNDECLARED_SELECTOR = YES;
				GCC_WARN_UNINITIALIZED_AUTOS = YES_AGGRESSIVE;
				GCC_WARN_UNUSED_FUNCTION = YES;
				GCC_WARN_UNUSED_VARIABLE = YES;
				IPHONEOS_DEPLOYMENT_TARGET = 18.2;
				LOCALIZATION_PREFERS_STRING_CATALOGS = YES;
				MTL_ENABLE_DEBUG_INFO = INCLUDE_SOURCE;
				MTL_FAST_MATH = YES;
				ONLY_ACTIVE_ARCH = YES;
				SDKROOT = iphoneos;
				STRING_CATALOG_GENERATE_SYMBOLS = YES;
				SWIFT_ACTIVE_COMPILATION_CONDITIONS = "DEBUG $(inherited)";
				SWIFT_EMIT_LOC_STRINGS = YES;
				SWIFT_OPTIMIZATION_LEVEL = "-Onone";
			};
			name = Debug;
		};
		45D37C772D7FEE46009FD80D /* Release */ = {
			isa = XCBuildConfiguration;
			buildSettings = {
				ALWAYS_SEARCH_USER_PATHS = NO;
				ASSETCATALOG_COMPILER_GENERATE_SWIFT_ASSET_SYMBOL_EXTENSIONS = YES;
				CLANG_ANALYZER_LOCALIZABILITY_NONLOCALIZED = YES;
				CLANG_ANALYZER_NONNULL = YES;
				CLANG_ANALYZER_NUMBER_OBJECT_CONVERSION = YES_AGGRESSIVE;
				CLANG_CXX_LANGUAGE_STANDARD = "gnu++20";
				CLANG_ENABLE_MODULES = YES;
				CLANG_ENABLE_OBJC_ARC = YES;
				CLANG_ENABLE_OBJC_WEAK = YES;
				CLANG_WARN_BLOCK_CAPTURE_AUTORELEASING = YES;
				CLANG_WARN_BOOL_CONVERSION = YES;
				CLANG_WARN_COMMA = YES;
				CLANG_WARN_CONSTANT_CONVERSION = YES;
				CLANG_WARN_DEPRECATED_OBJC_IMPLEMENTATIONS = YES;
				CLANG_WARN_DIRECT_OBJC_ISA_USAGE = YES_ERROR;
				CLANG_WARN_DOCUMENTATION_COMMENTS = YES;
				CLANG_WARN_EMPTY_BODY = YES;
				CLANG_WARN_ENUM_CONVERSION = YES;
				CLANG_WARN_INFINITE_RECURSION = YES;
				CLANG_WARN_INT_CONVERSION = YES;
				CLANG_WARN_NON_LITERAL_NULL_CONVERSION = YES;
				CLANG_WARN_OBJC_IMPLICIT_RETAIN_SELF = YES;
				CLANG_WARN_OBJC_LITERAL_CONVERSION = YES;
				CLANG_WARN_OBJC_ROOT_CLASS = YES_ERROR;
				CLANG_WARN_QUOTED_INCLUDE_IN_FRAMEWORK_HEADER = YES;
				CLANG_WARN_RANGE_LOOP_ANALYSIS = YES;
				CLANG_WARN_STRICT_PROTOTYPES = YES;
				CLANG_WARN_SUSPICIOUS_MOVE = YES;
				CLANG_WARN_UNGUARDED_AVAILABILITY = YES_AGGRESSIVE;
				CLANG_WARN_UNREACHABLE_CODE = YES;
				CLANG_WARN__DUPLICATE_METHOD_MATCH = YES;
				COPY_PHASE_STRIP = NO;
				DEBUG_INFORMATION_FORMAT = "dwarf-with-dsym";
				DEVELOPMENT_TEAM = 2C4U6UTP2K;
				ENABLE_NS_ASSERTIONS = NO;
				ENABLE_STRICT_OBJC_MSGSEND = YES;
				ENABLE_USER_SCRIPT_SANDBOXING = YES;
				GCC_C_LANGUAGE_STANDARD = gnu17;
				GCC_NO_COMMON_BLOCKS = YES;
				GCC_WARN_64_TO_32_BIT_CONVERSION = YES;
				GCC_WARN_ABOUT_RETURN_TYPE = YES_ERROR;
				GCC_WARN_UNDECLARED_SELECTOR = YES;
				GCC_WARN_UNINITIALIZED_AUTOS = YES_AGGRESSIVE;
				GCC_WARN_UNUSED_FUNCTION = YES;
				GCC_WARN_UNUSED_VARIABLE = YES;
				IPHONEOS_DEPLOYMENT_TARGET = 18.2;
				LOCALIZATION_PREFERS_STRING_CATALOGS = YES;
				MTL_ENABLE_DEBUG_INFO = NO;
				MTL_FAST_MATH = YES;
				SDKROOT = iphoneos;
				STRING_CATALOG_GENERATE_SYMBOLS = YES;
				SWIFT_COMPILATION_MODE = wholemodule;
				SWIFT_EMIT_LOC_STRINGS = YES;
				VALIDATE_PRODUCT = YES;
			};
			name = Release;
		};
		45D37C792D7FEE46009FD80D /* Debug */ = {
			isa = XCBuildConfiguration;
			buildSettings = {
				ASSETCATALOG_COMPILER_APPICON_NAME = AppIcon;
				ASSETCATALOG_COMPILER_GLOBAL_ACCENT_COLOR_NAME = AccentColor;
				CODE_SIGN_STYLE = Automatic;
				CURRENT_PROJECT_VERSION = 1;
				DEVELOPMENT_ASSET_PATHS = "\"Tsundoku/Application/Preview Content\"";
				ENABLE_PREVIEWS = YES;
				ENABLE_USER_SCRIPT_SANDBOXING = NO;
				GENERATE_INFOPLIST_FILE = YES;
				INFOPLIST_FILE = Tsundoku/Application/Info.plist;
				INFOPLIST_KEY_ITSAppUsesNonExemptEncryption = NO;
				INFOPLIST_KEY_NSCameraUsageDescription = "Used to scan barcodes";
				INFOPLIST_KEY_UIApplicationSceneManifest_Generation = YES;
				INFOPLIST_KEY_UIApplicationSupportsIndirectInputEvents = YES;
				INFOPLIST_KEY_UILaunchScreen_Generation = YES;
				INFOPLIST_KEY_UISupportedInterfaceOrientations_iPad = "UIInterfaceOrientationPortrait UIInterfaceOrientationPortraitUpsideDown UIInterfaceOrientationLandscapeLeft UIInterfaceOrientationLandscapeRight";
				INFOPLIST_KEY_UISupportedInterfaceOrientations_iPhone = "UIInterfaceOrientationPortrait UIInterfaceOrientationLandscapeLeft UIInterfaceOrientationLandscapeRight";
				LD_RUNPATH_SEARCH_PATHS = (
					"$(inherited)",
					"@executable_path/Frameworks",
				);
				MARKETING_VERSION = 1.0;
				PRODUCT_BUNDLE_IDENTIFIER = jp.ponmiso.Tsundoku;
				PRODUCT_NAME = "$(TARGET_NAME)";
				SWIFT_EMIT_LOC_STRINGS = YES;
				SWIFT_STRICT_CONCURRENCY = complete;
				SWIFT_VERSION = 6.0;
				TARGETED_DEVICE_FAMILY = "1,2";
			};
			name = Debug;
		};
		45D37C7A2D7FEE46009FD80D /* Release */ = {
			isa = XCBuildConfiguration;
			buildSettings = {
				ASSETCATALOG_COMPILER_APPICON_NAME = AppIcon;
				ASSETCATALOG_COMPILER_GLOBAL_ACCENT_COLOR_NAME = AccentColor;
				CODE_SIGN_STYLE = Automatic;
				CURRENT_PROJECT_VERSION = 1;
				DEVELOPMENT_ASSET_PATHS = "\"Tsundoku/Application/Preview Content\"";
				ENABLE_PREVIEWS = YES;
				ENABLE_USER_SCRIPT_SANDBOXING = NO;
				GENERATE_INFOPLIST_FILE = YES;
				INFOPLIST_FILE = Tsundoku/Application/Info.plist;
				INFOPLIST_KEY_ITSAppUsesNonExemptEncryption = NO;
				INFOPLIST_KEY_NSCameraUsageDescription = "Used to scan barcodes";
				INFOPLIST_KEY_UIApplicationSceneManifest_Generation = YES;
				INFOPLIST_KEY_UIApplicationSupportsIndirectInputEvents = YES;
				INFOPLIST_KEY_UILaunchScreen_Generation = YES;
				INFOPLIST_KEY_UISupportedInterfaceOrientations_iPad = "UIInterfaceOrientationPortrait UIInterfaceOrientationPortraitUpsideDown UIInterfaceOrientationLandscapeLeft UIInterfaceOrientationLandscapeRight";
				INFOPLIST_KEY_UISupportedInterfaceOrientations_iPhone = "UIInterfaceOrientationPortrait UIInterfaceOrientationLandscapeLeft UIInterfaceOrientationLandscapeRight";
				LD_RUNPATH_SEARCH_PATHS = (
					"$(inherited)",
					"@executable_path/Frameworks",
				);
				MARKETING_VERSION = 1.0;
				PRODUCT_BUNDLE_IDENTIFIER = jp.ponmiso.Tsundoku;
				PRODUCT_NAME = "$(TARGET_NAME)";
				SWIFT_EMIT_LOC_STRINGS = YES;
				SWIFT_STRICT_CONCURRENCY = complete;
				SWIFT_VERSION = 6.0;
				TARGETED_DEVICE_FAMILY = "1,2";
			};
			name = Release;
		};
		45D37C7C2D7FEE46009FD80D /* Debug */ = {
			isa = XCBuildConfiguration;
			buildSettings = {
				BUNDLE_LOADER = "$(TEST_HOST)";
				CODE_SIGN_STYLE = Automatic;
				CURRENT_PROJECT_VERSION = 1;
				GENERATE_INFOPLIST_FILE = YES;
				IPHONEOS_DEPLOYMENT_TARGET = 18.2;
				MARKETING_VERSION = 1.0;
				PRODUCT_BUNDLE_IDENTIFIER = jp.ponmiso.TsundokuTests;
				PRODUCT_NAME = "$(TARGET_NAME)";
				SWIFT_EMIT_LOC_STRINGS = NO;
				SWIFT_VERSION = 5.0;
				TARGETED_DEVICE_FAMILY = "1,2";
				TEST_HOST = "$(BUILT_PRODUCTS_DIR)/Tsundoku.app/$(BUNDLE_EXECUTABLE_FOLDER_PATH)/Tsundoku";
			};
			name = Debug;
		};
		45D37C7D2D7FEE46009FD80D /* Release */ = {
			isa = XCBuildConfiguration;
			buildSettings = {
				BUNDLE_LOADER = "$(TEST_HOST)";
				CODE_SIGN_STYLE = Automatic;
				CURRENT_PROJECT_VERSION = 1;
				GENERATE_INFOPLIST_FILE = YES;
				IPHONEOS_DEPLOYMENT_TARGET = 18.2;
				MARKETING_VERSION = 1.0;
				PRODUCT_BUNDLE_IDENTIFIER = jp.ponmiso.TsundokuTests;
				PRODUCT_NAME = "$(TARGET_NAME)";
				SWIFT_EMIT_LOC_STRINGS = NO;
				SWIFT_VERSION = 5.0;
				TARGETED_DEVICE_FAMILY = "1,2";
				TEST_HOST = "$(BUILT_PRODUCTS_DIR)/Tsundoku.app/$(BUNDLE_EXECUTABLE_FOLDER_PATH)/Tsundoku";
			};
			name = Release;
		};
		45D37C7F2D7FEE46009FD80D /* Debug */ = {
			isa = XCBuildConfiguration;
			buildSettings = {
				CODE_SIGN_STYLE = Automatic;
				CURRENT_PROJECT_VERSION = 1;
				GENERATE_INFOPLIST_FILE = YES;
				MARKETING_VERSION = 1.0;
				PRODUCT_BUNDLE_IDENTIFIER = jp.ponmiso.TsundokuUITests;
				PRODUCT_NAME = "$(TARGET_NAME)";
				SWIFT_EMIT_LOC_STRINGS = NO;
				SWIFT_VERSION = 5.0;
				TARGETED_DEVICE_FAMILY = "1,2";
				TEST_TARGET_NAME = Tsundoku;
			};
			name = Debug;
		};
		45D37C802D7FEE46009FD80D /* Release */ = {
			isa = XCBuildConfiguration;
			buildSettings = {
				CODE_SIGN_STYLE = Automatic;
				CURRENT_PROJECT_VERSION = 1;
				GENERATE_INFOPLIST_FILE = YES;
				MARKETING_VERSION = 1.0;
				PRODUCT_BUNDLE_IDENTIFIER = jp.ponmiso.TsundokuUITests;
				PRODUCT_NAME = "$(TARGET_NAME)";
				SWIFT_EMIT_LOC_STRINGS = NO;
				SWIFT_VERSION = 5.0;
				TARGETED_DEVICE_FAMILY = "1,2";
				TEST_TARGET_NAME = Tsundoku;
			};
			name = Release;
		};
		847FA9282E83D46300100378 /* Debug */ = {
			isa = XCBuildConfiguration;
			buildSettings = {
				ASSETCATALOG_COMPILER_GLOBAL_ACCENT_COLOR_NAME = AccentColor;
				ASSETCATALOG_COMPILER_WIDGET_BACKGROUND_COLOR_NAME = WidgetBackground;
				CODE_SIGN_STYLE = Automatic;
				CURRENT_PROJECT_VERSION = 1;
				GENERATE_INFOPLIST_FILE = YES;
				INFOPLIST_FILE = TsundokuWidget/Info.plist;
				INFOPLIST_KEY_CFBundleDisplayName = TsundokuWidget;
				INFOPLIST_KEY_NSHumanReadableCopyright = "";
				IPHONEOS_DEPLOYMENT_TARGET = 26.0;
				LD_RUNPATH_SEARCH_PATHS = (
					"$(inherited)",
					"@executable_path/Frameworks",
					"@executable_path/../../Frameworks",
				);
				MARKETING_VERSION = 1.0;
				PRODUCT_BUNDLE_IDENTIFIER = jp.ponmiso.Tsundoku.TsundokuWidget;
				PRODUCT_NAME = "$(TARGET_NAME)";
				SKIP_INSTALL = YES;
				STRING_CATALOG_GENERATE_SYMBOLS = YES;
				SWIFT_APPROACHABLE_CONCURRENCY = YES;
				SWIFT_EMIT_LOC_STRINGS = YES;
				SWIFT_UPCOMING_FEATURE_MEMBER_IMPORT_VISIBILITY = YES;
				SWIFT_VERSION = 5.0;
				TARGETED_DEVICE_FAMILY = "1,2";
			};
			name = Debug;
		};
		847FA9292E83D46300100378 /* Release */ = {
			isa = XCBuildConfiguration;
			buildSettings = {
				ASSETCATALOG_COMPILER_GLOBAL_ACCENT_COLOR_NAME = AccentColor;
				ASSETCATALOG_COMPILER_WIDGET_BACKGROUND_COLOR_NAME = WidgetBackground;
				CODE_SIGN_STYLE = Automatic;
				CURRENT_PROJECT_VERSION = 1;
				GENERATE_INFOPLIST_FILE = YES;
				INFOPLIST_FILE = TsundokuWidget/Info.plist;
				INFOPLIST_KEY_CFBundleDisplayName = TsundokuWidget;
				INFOPLIST_KEY_NSHumanReadableCopyright = "";
				IPHONEOS_DEPLOYMENT_TARGET = 26.0;
				LD_RUNPATH_SEARCH_PATHS = (
					"$(inherited)",
					"@executable_path/Frameworks",
					"@executable_path/../../Frameworks",
				);
				MARKETING_VERSION = 1.0;
				PRODUCT_BUNDLE_IDENTIFIER = jp.ponmiso.Tsundoku.TsundokuWidget;
				PRODUCT_NAME = "$(TARGET_NAME)";
				SKIP_INSTALL = YES;
				STRING_CATALOG_GENERATE_SYMBOLS = YES;
				SWIFT_APPROACHABLE_CONCURRENCY = YES;
				SWIFT_EMIT_LOC_STRINGS = YES;
				SWIFT_UPCOMING_FEATURE_MEMBER_IMPORT_VISIBILITY = YES;
				SWIFT_VERSION = 5.0;
				TARGETED_DEVICE_FAMILY = "1,2";
			};
			name = Release;
		};
/* End XCBuildConfiguration section */

/* Begin XCConfigurationList section */
		45D37C4D2D7FEE42009FD80D /* Build configuration list for PBXProject "Tsundoku" */ = {
			isa = XCConfigurationList;
			buildConfigurations = (
				45D37C762D7FEE46009FD80D /* Debug */,
				45D37C772D7FEE46009FD80D /* Release */,
			);
			defaultConfigurationIsVisible = 0;
			defaultConfigurationName = Release;
		};
		45D37C782D7FEE46009FD80D /* Build configuration list for PBXNativeTarget "Tsundoku" */ = {
			isa = XCConfigurationList;
			buildConfigurations = (
				45D37C792D7FEE46009FD80D /* Debug */,
				45D37C7A2D7FEE46009FD80D /* Release */,
			);
			defaultConfigurationIsVisible = 0;
			defaultConfigurationName = Release;
		};
		45D37C7B2D7FEE46009FD80D /* Build configuration list for PBXNativeTarget "TsundokuTests" */ = {
			isa = XCConfigurationList;
			buildConfigurations = (
				45D37C7C2D7FEE46009FD80D /* Debug */,
				45D37C7D2D7FEE46009FD80D /* Release */,
			);
			defaultConfigurationIsVisible = 0;
			defaultConfigurationName = Release;
		};
		45D37C7E2D7FEE46009FD80D /* Build configuration list for PBXNativeTarget "TsundokuUITests" */ = {
			isa = XCConfigurationList;
			buildConfigurations = (
				45D37C7F2D7FEE46009FD80D /* Debug */,
				45D37C802D7FEE46009FD80D /* Release */,
			);
			defaultConfigurationIsVisible = 0;
			defaultConfigurationName = Release;
		};
		847FA92A2E83D46300100378 /* Build configuration list for PBXNativeTarget "TsundokuWidgetExtension" */ = {
			isa = XCConfigurationList;
			buildConfigurations = (
				847FA9282E83D46300100378 /* Debug */,
				847FA9292E83D46300100378 /* Release */,
			);
			defaultConfigurationIsVisible = 0;
			defaultConfigurationName = Release;
		};
/* End XCConfigurationList section */

/* Begin XCRemoteSwiftPackageReference section */
		84F406152E2F7D910034978E /* XCRemoteSwiftPackageReference "swift-openapi-urlsession" */ = {
			isa = XCRemoteSwiftPackageReference;
			repositoryURL = "https://github.com/apple/swift-openapi-urlsession";
			requirement = {
				kind = upToNextMajorVersion;
				minimumVersion = 1.1.0;
			};
		};
		84F406182E2F7D9C0034978E /* XCRemoteSwiftPackageReference "swift-openapi-runtime" */ = {
			isa = XCRemoteSwiftPackageReference;
			repositoryURL = "https://github.com/apple/swift-openapi-runtime";
			requirement = {
				kind = upToNextMajorVersion;
				minimumVersion = 1.8.2;
			};
		};
		84F4061B2E2F7DA70034978E /* XCRemoteSwiftPackageReference "swift-openapi-generator" */ = {
			isa = XCRemoteSwiftPackageReference;
			repositoryURL = "https://github.com/apple/swift-openapi-generator";
			requirement = {
				kind = upToNextMajorVersion;
				minimumVersion = 1.10.0;
			};
		};
/* End XCRemoteSwiftPackageReference section */

/* Begin XCSwiftPackageProductDependency section */
		84F406162E2F7D910034978E /* OpenAPIURLSession */ = {
			isa = XCSwiftPackageProductDependency;
			package = 84F406152E2F7D910034978E /* XCRemoteSwiftPackageReference "swift-openapi-urlsession" */;
			productName = OpenAPIURLSession;
		};
		84F406192E2F7D9C0034978E /* OpenAPIRuntime */ = {
			isa = XCSwiftPackageProductDependency;
			package = 84F406182E2F7D9C0034978E /* XCRemoteSwiftPackageReference "swift-openapi-runtime" */;
			productName = OpenAPIRuntime;
		};
		84F406812E2F862C0034978E /* OpenAPIGenerator */ = {
			isa = XCSwiftPackageProductDependency;
			package = 84F4061B2E2F7DA70034978E /* XCRemoteSwiftPackageReference "swift-openapi-generator" */;
			productName = "plugin:OpenAPIGenerator";
		};
/* End XCSwiftPackageProductDependency section */
	};
	rootObject = 45D37C4A2D7FEE42009FD80D /* Project object */;
}
